
Microsoft Visual Studio Solution File, Format Version 12.00
# Visual Studio Version 17
VisualStudioVersion = 17.8.34330.188
MinimumVisualStudioVersion = 10.0.40219.1
Project("{FAE04EC0-301F-11D3-BF4B-00C04F79EFBC}") = "LR24", "LR24.csproj", "{2A75E2F6-746A-4316-ABB0-F060E39893D5}"
EndProject
Project("{FAE04EC0-301F-11D3-BF4B-00C04F79EFBC}") = "LR23", "..\..\ЛР23\LR23\LR23.csproj", "{8216DFB2-C98E-461D-AF9C-B94B63EDD6A4}"
EndProject
Project("{FAE04EC0-301F-11D3-BF4B-00C04F79EFBC}") = "WpfApp1", "..\..\ЛР25\WpfApp1\WpfApp1.csproj", "{E34D4FEB-C1DC-4B23-B19C-54083DD8426E}"
EndProject
Global
	GlobalSection(SolutionConfigurationPlatforms) = preSolution
		Debug|Any CPU = Debug|Any CPU
		Release|Any CPU = Release|Any CPU
	EndGlobalSection
	GlobalSection(ProjectConfigurationPlatforms) = postSolution
		{2A75E2F6-746A-4316-ABB0-F060E39893D5}.Debug|Any CPU.ActiveCfg = Debug|Any CPU
		{2A75E2F6-746A-4316-ABB0-F060E39893D5}.Debug|Any CPU.Build.0 = Debug|Any CPU
		{2A75E2F6-746A-4316-ABB0-F060E39893D5}.Release|Any CPU.ActiveCfg = Release|Any CPU
		{2A75E2F6-746A-4316-ABB0-F060E39893D5}.Release|Any CPU.Build.0 = Release|Any CPU
		{8216DFB2-C98E-461D-AF9C-B94B63EDD6A4}.Debug|Any CPU.ActiveCfg = Debug|Any CPU
		{8216DFB2-C98E-461D-AF9C-B94B63EDD6A4}.Debug|Any CPU.Build.0 = Debug|Any CPU
		{8216DFB2-C98E-461D-AF9C-B94B63EDD6A4}.Release|Any CPU.ActiveCfg = Release|Any CPU
		{8216DFB2-C98E-461D-AF9C-B94B63EDD6A4}.Release|Any CPU.Build.0 = Release|Any CPU
		{E34D4FEB-C1DC-4B23-B19C-54083DD8426E}.Debug|Any CPU.ActiveCfg = Debug|Any CPU
		{E34D4FEB-C1DC-4B23-B19C-54083DD8426E}.Debug|Any CPU.Build.0 = Debug|Any CPU
		{E34D4FEB-C1DC-4B23-B19C-54083DD8426E}.Release|Any CPU.ActiveCfg = Release|Any CPU
		{E34D4FEB-C1DC-4B23-B19C-54083DD8426E}.Release|Any CPU.Build.0 = Release|Any CPU
	EndGlobalSection
	GlobalSection(SolutionProperties) = preSolution
		HideSolutionNode = FALSE
	EndGlobalSection
	GlobalSection(ExtensibilityGlobals) = postSolution
		SolutionGuid = {F578D635-74C9-4539-9770-95ED71FFCC38}
	EndGlobalSection
EndGlobal
